
Microsoft Visual Studio Solution File, Format Version 12.00
# Visual Studio Version 16
VisualStudioVersion = 16.0.29905.134
MinimumVisualStudioVersion = 10.0.40219.1
Project("{8BC9CEB8-8B4A-11D0-8D11-00A0C91BC942}") = "kmp", "kmp\kmp.vcxproj", "{C7CA1E16-1B6F-469A-93C1-33B296281B18}"
EndProject
Global
	GlobalSection(SolutionConfigurationPlatforms) = preSolution
		Debug|x64 = Debug|x64
		Debug|x86 = Debug|x86
		Release|x64 = Release|x64
		Release|x86 = Release|x86
	EndGlobalSection
	GlobalSection(ProjectConfigurationPlatforms) = postSolution
		{C7CA1E16-1B6F-469A-93C1-33B296281B18}.Debug|x64.ActiveCfg = Debug|x64
		{C7CA1E16-1B6F-469A-93C1-33B296281B18}.Debug|x64.Build.0 = Debug|x64
		{C7CA1E16-1B6F-469A-93C1-33B296281B18}.Debug|x86.ActiveCfg = Debug|Win32
		{C7CA1E16-1B6F-469A-93C1-33B296281B18}.Debug|x86.Build.0 = Debug|Win32
		{C7CA1E16-1B6F-469A-93C1-33B296281B18}.Release|x64.ActiveCfg = Release|x64
		{C7CA1E16-1B6F-469A-93C1-33B296281B18}.Release|x64.Build.0 = Release|x64
		{C7CA1E16-1B6F-469A-93C1-33B296281B18}.Release|x86.ActiveCfg = Release|Win32
		{C7CA1E16-1B6F-469A-93C1-33B296281B18}.Release|x86.Build.0 = Release|Win32
	EndGlobalSection
	GlobalSection(SolutionProperties) = preSolution
		HideSolutionNode = FALSE
	EndGlobalSection
	GlobalSection(ExtensibilityGlobals) = postSolution
		SolutionGuid = {C805CDBF-B7C7-449F-9FF6-A03B063B751E}
	EndGlobalSection
EndGlobal
